
Microsoft Visual Studio Solution File, Format Version 12.00
# Visual Studio Version 17
VisualStudioVersion = 17.8.34525.116
MinimumVisualStudioVersion = 10.0.40219.1
Project("{8BC9CEB8-8B4A-11D0-8D11-00A0C91BC942}") = "Homework-03.04.2024-GettersAndSetters", "Homework-03.04.2024-GettersAndSetters\Homework-03.04.2024-GettersAndSetters.vcxproj", "{764F571A-6FBF-423E-9665-F64B117ED4BF}"
EndProject
Global
	GlobalSection(SolutionConfigurationPlatforms) = preSolution
		Debug|x64 = Debug|x64
		Debug|x86 = Debug|x86
		Release|x64 = Release|x64
		Release|x86 = Release|x86
	EndGlobalSection
	GlobalSection(ProjectConfigurationPlatforms) = postSolution
		{764F571A-6FBF-423E-9665-F64B117ED4BF}.Debug|x64.ActiveCfg = Debug|x64
		{764F571A-6FBF-423E-9665-F64B117ED4BF}.Debug|x64.Build.0 = Debug|x64
		{764F571A-6FBF-423E-9665-F64B117ED4BF}.Debug|x86.ActiveCfg = Debug|Win32
		{764F571A-6FBF-423E-9665-F64B117ED4BF}.Debug|x86.Build.0 = Debug|Win32
		{764F571A-6FBF-423E-9665-F64B117ED4BF}.Release|x64.ActiveCfg = Release|x64
		{764F571A-6FBF-423E-9665-F64B117ED4BF}.Release|x64.Build.0 = Release|x64
		{764F571A-6FBF-423E-9665-F64B117ED4BF}.Release|x86.ActiveCfg = Release|Win32
		{764F571A-6FBF-423E-9665-F64B117ED4BF}.Release|x86.Build.0 = Release|Win32
	EndGlobalSection
	GlobalSection(SolutionProperties) = preSolution
		HideSolutionNode = FALSE
	EndGlobalSection
	GlobalSection(ExtensibilityGlobals) = postSolution
		SolutionGuid = {7FF02A7D-3158-40C0-B805-44E0EE0B12EC}
	EndGlobalSection
EndGlobal
